
Microsoft Visual Studio Solution File, Format Version 12.00
# Visual Studio 15
VisualStudioVersion = 15.0.28307.1738
MinimumVisualStudioVersion = 10.0.40219.1
Project("{FAE04EC0-301F-11D3-BF4B-00C04F79EFBC}") = "WindowsFormsApp1", "WindowsFormsApp1\WindowsFormsApp1.csproj", "{83368A40-479D-41A1-A8F8-B6B1DD51EB96}"
EndProject
Global
	GlobalSection(SolutionConfigurationPlatforms) = preSolution
		Debug|Any CPU = Debug|Any CPU
		Release|Any CPU = Release|Any CPU
	EndGlobalSection
	GlobalSection(ProjectConfigurationPlatforms) = postSolution
		{83368A40-479D-41A1-A8F8-B6B1DD51EB96}.Debug|Any CPU.ActiveCfg = Debug|Any CPU
		{83368A40-479D-41A1-A8F8-B6B1DD51EB96}.Debug|Any CPU.Build.0 = Debug|Any CPU
		{83368A40-479D-41A1-A8F8-B6B1DD51EB96}.Release|Any CPU.ActiveCfg = Release|Any CPU
		{83368A40-479D-41A1-A8F8-B6B1DD51EB96}.Release|Any CPU.Build.0 = Release|Any CPU
	EndGlobalSection
	GlobalSection(SolutionProperties) = preSolution
		HideSolutionNode = FALSE
	EndGlobalSection
	GlobalSection(ExtensibilityGlobals) = postSolution
		SolutionGuid = {77156906-578A-4AE7-99C6-22780EBF7806}
	EndGlobalSection
EndGlobal
